
Microsoft Visual Studio Solution File, Format Version 12.00
# Visual Studio Version 16
VisualStudioVersion = 16.0.30114.105
MinimumVisualStudioVersion = 10.0.40219.1
Project("{FAE04EC0-301F-11D3-BF4B-00C04F79EFBC}") = "API", "API\API.csproj", "{BF6DB8CF-D6D9-474A-8153-9427683E7B0B}"
EndProject
Global
	GlobalSection(SolutionConfigurationPlatforms) = preSolution
		Debug|Any CPU = Debug|Any CPU
		Release|Any CPU = Release|Any CPU
	EndGlobalSection
	GlobalSection(SolutionProperties) = preSolution
		HideSolutionNode = FALSE
	EndGlobalSection
	GlobalSection(ProjectConfigurationPlatforms) = postSolution
		{BF6DB8CF-D6D9-474A-8153-9427683E7B0B}.Debug|Any CPU.ActiveCfg = Debug|Any CPU
		{BF6DB8CF-D6D9-474A-8153-9427683E7B0B}.Debug|Any CPU.Build.0 = Debug|Any CPU
		{BF6DB8CF-D6D9-474A-8153-9427683E7B0B}.Release|Any CPU.ActiveCfg = Release|Any CPU
		{BF6DB8CF-D6D9-474A-8153-9427683E7B0B}.Release|Any CPU.Build.0 = Release|Any CPU
	EndGlobalSection
EndGlobal
